
Microsoft Visual Studio Solution File, Format Version 12.00
# Visual Studio Version 16
VisualStudioVersion = 16.0.30128.74
MinimumVisualStudioVersion = 10.0.40219.1
Project("{FAE04EC0-301F-11D3-BF4B-00C04F79EFBC}") = "SApp01", "SApp01\SApp01.csproj", "{FC0976A9-5F36-4D2B-B80E-CCD7813179F8}"
EndProject
Project("{FAE04EC0-301F-11D3-BF4B-00C04F79EFBC}") = "SApp02", "SApp02\SApp02.csproj", "{88F2F0ED-2576-4D97-A836-2F94393F2479}"
EndProject
Global
	GlobalSection(SolutionConfigurationPlatforms) = preSolution
		Debug|Any CPU = Debug|Any CPU
		Release|Any CPU = Release|Any CPU
	EndGlobalSection
	GlobalSection(ProjectConfigurationPlatforms) = postSolution
		{FC0976A9-5F36-4D2B-B80E-CCD7813179F8}.Debug|Any CPU.ActiveCfg = Debug|Any CPU
		{FC0976A9-5F36-4D2B-B80E-CCD7813179F8}.Debug|Any CPU.Build.0 = Debug|Any CPU
		{FC0976A9-5F36-4D2B-B80E-CCD7813179F8}.Release|Any CPU.ActiveCfg = Release|Any CPU
		{FC0976A9-5F36-4D2B-B80E-CCD7813179F8}.Release|Any CPU.Build.0 = Release|Any CPU
		{88F2F0ED-2576-4D97-A836-2F94393F2479}.Debug|Any CPU.ActiveCfg = Debug|Any CPU
		{88F2F0ED-2576-4D97-A836-2F94393F2479}.Debug|Any CPU.Build.0 = Debug|Any CPU
		{88F2F0ED-2576-4D97-A836-2F94393F2479}.Release|Any CPU.ActiveCfg = Release|Any CPU
		{88F2F0ED-2576-4D97-A836-2F94393F2479}.Release|Any CPU.Build.0 = Release|Any CPU
	EndGlobalSection
	GlobalSection(SolutionProperties) = preSolution
		HideSolutionNode = FALSE
	EndGlobalSection
	GlobalSection(ExtensibilityGlobals) = postSolution
		SolutionGuid = {03EC9C70-5A2E-4FD9-BF4F-1EF745A8B276}
	EndGlobalSection
EndGlobal
