
Microsoft Visual Studio Solution File, Format Version 12.00
# Visual Studio Version 16
VisualStudioVersion = 16.0.30621.155
MinimumVisualStudioVersion = 10.0.40219.1
Project("{FAE04EC0-301F-11D3-BF4B-00C04F79EFBC}") = "SApp01", "SApp01\SApp01.csproj", "{657E18DF-9A80-4FE1-AF7D-8CF13EB604B8}"
EndProject
Global
	GlobalSection(SolutionConfigurationPlatforms) = preSolution
		Debug|Any CPU = Debug|Any CPU
		Release|Any CPU = Release|Any CPU
	EndGlobalSection
	GlobalSection(ProjectConfigurationPlatforms) = postSolution
		{657E18DF-9A80-4FE1-AF7D-8CF13EB604B8}.Debug|Any CPU.ActiveCfg = Debug|Any CPU
		{657E18DF-9A80-4FE1-AF7D-8CF13EB604B8}.Debug|Any CPU.Build.0 = Debug|Any CPU
		{657E18DF-9A80-4FE1-AF7D-8CF13EB604B8}.Release|Any CPU.ActiveCfg = Release|Any CPU
		{657E18DF-9A80-4FE1-AF7D-8CF13EB604B8}.Release|Any CPU.Build.0 = Release|Any CPU
	EndGlobalSection
	GlobalSection(SolutionProperties) = preSolution
		HideSolutionNode = FALSE
	EndGlobalSection
	GlobalSection(ExtensibilityGlobals) = postSolution
		SolutionGuid = {20CDE34D-9045-48DD-A309-3203E8643643}
	EndGlobalSection
EndGlobal
